# THIS IS AN AUTOGENERATED FILE. DO NOT EDIT THIS FILE DIRECTLY.
# yarn lockfile v1


bootstrap@4.3.1:
  version "4.3.1"
  resolved "https://registry.yarnpkg.com/bootstrap/-/bootstrap-4.3.1.tgz#280ca8f610504d99d7b6b4bfc4b68cec601704ac"
  integrity sha512-rXqOmH1VilAt2DyPzluTi2blhk17bO7ef+zLLPlWvG494pDxcM234pJ8wTc/6R40UWizAIIMgxjvxZg5kmsbag==

jquery@^3.4.0:
  version "3.6.0"
  resolved "https://registry.yarnpkg.com/jquery/-/jquery-3.6.0.tgz#c72a09f15c1bdce142f49dbf1170bdf8adac2470"
  integrity sha512-JVzAR/AjBvVt2BmYhxRCSYysDsPcssdmTFnzyLEts9qNwmjmu4JTAMYubEfwVOSwpQ1I1sKKFcxhZCI2buerfw==

noty@^3.2.0-beta:
  version "3.2.0-beta-deprecated"
  resolved "https://registry.yarnpkg.com/noty/-/noty-3.2.0-beta-deprecated.tgz#f74126808b40ba11d7cea3eefc836b32ff7a30f2"
  integrity sha512-ntRbHuQ9SnnnVFZm/oq5L1DBCaHQUvsU24AwZH3PGjAWx2YqR/IhOadMk11vmJovYiQo00oqTj6Hp+D6PGtmLA==
